
Microsoft Visual Studio Solution File, Format Version 12.00
# Visual Studio Version 17
VisualStudioVersion = 17.4.33403.182
MinimumVisualStudioVersion = 10.0.40219.1
Project("{FAE04EC0-301F-11D3-BF4B-00C04F79EFBC}") = "Lista04", "Lista04\Lista04.csproj", "{C7C295F4-C7D8-4EB3-A3FA-6A834092BC47}"
EndProject
Global
	GlobalSection(SolutionConfigurationPlatforms) = preSolution
		Debug|Any CPU = Debug|Any CPU
		Release|Any CPU = Release|Any CPU
	EndGlobalSection
	GlobalSection(ProjectConfigurationPlatforms) = postSolution
		{C7C295F4-C7D8-4EB3-A3FA-6A834092BC47}.Debug|Any CPU.ActiveCfg = Debug|Any CPU
		{C7C295F4-C7D8-4EB3-A3FA-6A834092BC47}.Debug|Any CPU.Build.0 = Debug|Any CPU
		{C7C295F4-C7D8-4EB3-A3FA-6A834092BC47}.Release|Any CPU.ActiveCfg = Release|Any CPU
		{C7C295F4-C7D8-4EB3-A3FA-6A834092BC47}.Release|Any CPU.Build.0 = Release|Any CPU
	EndGlobalSection
	GlobalSection(SolutionProperties) = preSolution
		HideSolutionNode = FALSE
	EndGlobalSection
	GlobalSection(ExtensibilityGlobals) = postSolution
		SolutionGuid = {031FE566-8F13-4DB1-8E74-FA87FB3CFF61}
	EndGlobalSection
EndGlobal
