
Microsoft Visual Studio Solution File, Format Version 12.00
# Visual Studio Version 17
VisualStudioVersion = 17.4.33403.182
MinimumVisualStudioVersion = 10.0.40219.1
Project("{FAE04EC0-301F-11D3-BF4B-00C04F79EFBC}") = "Lista02", "Lista02\Lista02.csproj", "{0DF49268-3F69-471C-B5D2-5FEB45F4082D}"
EndProject
Global
	GlobalSection(SolutionConfigurationPlatforms) = preSolution
		Debug|Any CPU = Debug|Any CPU
		Release|Any CPU = Release|Any CPU
	EndGlobalSection
	GlobalSection(ProjectConfigurationPlatforms) = postSolution
		{0DF49268-3F69-471C-B5D2-5FEB45F4082D}.Debug|Any CPU.ActiveCfg = Debug|Any CPU
		{0DF49268-3F69-471C-B5D2-5FEB45F4082D}.Debug|Any CPU.Build.0 = Debug|Any CPU
		{0DF49268-3F69-471C-B5D2-5FEB45F4082D}.Release|Any CPU.ActiveCfg = Release|Any CPU
		{0DF49268-3F69-471C-B5D2-5FEB45F4082D}.Release|Any CPU.Build.0 = Release|Any CPU
	EndGlobalSection
	GlobalSection(SolutionProperties) = preSolution
		HideSolutionNode = FALSE
	EndGlobalSection
	GlobalSection(ExtensibilityGlobals) = postSolution
		SolutionGuid = {964A432D-5DD5-4E47-8799-03C99F5291A5}
	EndGlobalSection
EndGlobal
