
Microsoft Visual Studio Solution File, Format Version 12.00
# Visual Studio Version 17
VisualStudioVersion = 17.5.33530.505
MinimumVisualStudioVersion = 10.0.40219.1
Project("{9A19103F-16F7-4668-BE54-9A1E7A4F7556}") = "UI", "GUI\UI.csproj", "{17027F13-4214-43E1-9375-7B1BBB293168}"
EndProject
Project("{9A19103F-16F7-4668-BE54-9A1E7A4F7556}") = "Modelo", "Modelo\Modelo.csproj", "{63C1B30C-74EC-4C91-AA91-D97C38067179}"
EndProject
Project("{9A19103F-16F7-4668-BE54-9A1E7A4F7556}") = "DAL", "DAO\DAL.csproj", "{CE244AD4-391E-4877-9C6D-4D1DBC7808EB}"
EndProject
Project("{9A19103F-16F7-4668-BE54-9A1E7A4F7556}") = "BLL", "DLL\BLL.csproj", "{FAD93078-08D0-4B50-861F-933E58CAD7E4}"
EndProject
Global
	GlobalSection(SolutionConfigurationPlatforms) = preSolution
		Debug|Any CPU = Debug|Any CPU
		Release|Any CPU = Release|Any CPU
	EndGlobalSection
	GlobalSection(ProjectConfigurationPlatforms) = postSolution
		{17027F13-4214-43E1-9375-7B1BBB293168}.Debug|Any CPU.ActiveCfg = Debug|Any CPU
		{17027F13-4214-43E1-9375-7B1BBB293168}.Debug|Any CPU.Build.0 = Debug|Any CPU
		{17027F13-4214-43E1-9375-7B1BBB293168}.Release|Any CPU.ActiveCfg = Release|Any CPU
		{17027F13-4214-43E1-9375-7B1BBB293168}.Release|Any CPU.Build.0 = Release|Any CPU
		{63C1B30C-74EC-4C91-AA91-D97C38067179}.Debug|Any CPU.ActiveCfg = Debug|Any CPU
		{63C1B30C-74EC-4C91-AA91-D97C38067179}.Debug|Any CPU.Build.0 = Debug|Any CPU
		{63C1B30C-74EC-4C91-AA91-D97C38067179}.Release|Any CPU.ActiveCfg = Release|Any CPU
		{63C1B30C-74EC-4C91-AA91-D97C38067179}.Release|Any CPU.Build.0 = Release|Any CPU
		{CE244AD4-391E-4877-9C6D-4D1DBC7808EB}.Debug|Any CPU.ActiveCfg = Debug|Any CPU
		{CE244AD4-391E-4877-9C6D-4D1DBC7808EB}.Debug|Any CPU.Build.0 = Debug|Any CPU
		{CE244AD4-391E-4877-9C6D-4D1DBC7808EB}.Release|Any CPU.ActiveCfg = Release|Any CPU
		{CE244AD4-391E-4877-9C6D-4D1DBC7808EB}.Release|Any CPU.Build.0 = Release|Any CPU
		{FAD93078-08D0-4B50-861F-933E58CAD7E4}.Debug|Any CPU.ActiveCfg = Debug|Any CPU
		{FAD93078-08D0-4B50-861F-933E58CAD7E4}.Debug|Any CPU.Build.0 = Debug|Any CPU
		{FAD93078-08D0-4B50-861F-933E58CAD7E4}.Release|Any CPU.ActiveCfg = Release|Any CPU
		{FAD93078-08D0-4B50-861F-933E58CAD7E4}.Release|Any CPU.Build.0 = Release|Any CPU
	EndGlobalSection
	GlobalSection(SolutionProperties) = preSolution
		HideSolutionNode = FALSE
	EndGlobalSection
	GlobalSection(ExtensibilityGlobals) = postSolution
		SolutionGuid = {47C68A5E-0DA4-4215-B102-A1DD5325AE75}
	EndGlobalSection
EndGlobal
